<Solution>
  <Folder Name="/docs/">
    <File Path="../README.md" />
    <File Path="../Research.md" />
    <File Path="../Design.md" />
    <File Path="../Technic.md" />
    <File Path="../Schema.md" />
    <File Path="../Backlog.md" />
    <File Path="../Roadmap.md" />
    <File Path="../License.md" />
  </Folder>
  <Folder Name="/build/">
    <File Path="Directory.Build.props" />
    <File Path="../.github/workflows/ci.yml" />
    <File Path="../.github/workflows/release.yml" />
    <File Path="../.github/release-notes.md" />
    <File Path="../.gitlab-ci.yml" />
    <File Path="../scripts/check-no-game-data.sh" />
  </Folder>
  <Project Path="ThrusterCalculator.Model/ThrusterCalculator.Model.csproj" />
  <Project Path="ThrusterCalculator.Model.Tests/ThrusterCalculator.Model.Tests.csproj" />
  <Project Path="ThrusterCalculator.Core/ThrusterCalculator.Core.csproj" />
  <Project Path="ThrusterCalculator.Core.Tests/ThrusterCalculator.Core.Tests.csproj" />
  <Project Path="ThrusterCalculator.Extraction/ThrusterCalculator.Extraction.csproj" />
  <Project Path="ThrusterCalculator.Engine/ThrusterCalculator.Engine.csproj" />
  <Project Path="ThrusterCalculator.Extraction.Tests/ThrusterCalculator.Extraction.Tests.csproj" />
  <Project Path="ThrusterCalculator.Cli/ThrusterCalculator.Cli.csproj" />
  <Project Path="ThrusterCalculator.Gui/ThrusterCalculator.Gui.csproj" />
  <Project Path="ThrusterCalculator.Gui.Tests/ThrusterCalculator.Gui.Tests.csproj" />
</Solution>
